
Microsoft Visual Studio Solution File, Format Version 12.00
# Visual Studio 2013
VisualStudioVersion = 12.0.31101.0
MinimumVisualStudioVersion = 10.0.40219.1
Project("{FAE04EC0-301F-11D3-BF4B-00C04F79EFBC}") = "CRMSanto", "CRMSanto\CRMSanto.csproj", "{230D28CB-3DF4-4FF7-BD46-6D6D199A4B11}"
EndProject
Project("{FAE04EC0-301F-11D3-BF4B-00C04F79EFBC}") = "CRMSanto.Tests", "CRMSanto.Tests\CRMSanto.Tests.csproj", "{765CE1E6-25D7-41EC-8996-791F5D82AA48}"
EndProject
Project("{FAE04EC0-301F-11D3-BF4B-00C04F79EFBC}") = "CRMSanto.Models", "CRMSanto.Models\CRMSanto.Models.csproj", "{4E71DFD7-6F50-4CB6-B39A-C4ED702B2DBD}"
EndProject
Project("{FAE04EC0-301F-11D3-BF4B-00C04F79EFBC}") = "CRMSanto.BusinessLayer", "CRMSanto.BusinessLayer\CRMSanto.BusinessLayer.csproj", "{C187C4CA-428F-463A-A45F-5250F50D7E26}"
EndProject
Project("{FAE04EC0-301F-11D3-BF4B-00C04F79EFBC}") = "mailinblue", "mailinblue\mailinblue.csproj", "{DBB4E106-C340-4351-BD76-70576C82D0C0}"
EndProject
Global
	GlobalSection(SolutionConfigurationPlatforms) = preSolution
		Debug|Any CPU = Debug|Any CPU
		Release|Any CPU = Release|Any CPU
	EndGlobalSection
	GlobalSection(ProjectConfigurationPlatforms) = postSolution
		{230D28CB-3DF4-4FF7-BD46-6D6D199A4B11}.Debug|Any CPU.ActiveCfg = Debug|Any CPU
		{230D28CB-3DF4-4FF7-BD46-6D6D199A4B11}.Debug|Any CPU.Build.0 = Debug|Any CPU
		{230D28CB-3DF4-4FF7-BD46-6D6D199A4B11}.Release|Any CPU.ActiveCfg = Release|Any CPU
		{230D28CB-3DF4-4FF7-BD46-6D6D199A4B11}.Release|Any CPU.Build.0 = Release|Any CPU
		{765CE1E6-25D7-41EC-8996-791F5D82AA48}.Debug|Any CPU.ActiveCfg = Debug|Any CPU
		{765CE1E6-25D7-41EC-8996-791F5D82AA48}.Debug|Any CPU.Build.0 = Debug|Any CPU
		{765CE1E6-25D7-41EC-8996-791F5D82AA48}.Release|Any CPU.ActiveCfg = Release|Any CPU
		{765CE1E6-25D7-41EC-8996-791F5D82AA48}.Release|Any CPU.Build.0 = Release|Any CPU
		{4E71DFD7-6F50-4CB6-B39A-C4ED702B2DBD}.Debug|Any CPU.ActiveCfg = Debug|Any CPU
		{4E71DFD7-6F50-4CB6-B39A-C4ED702B2DBD}.Debug|Any CPU.Build.0 = Debug|Any CPU
		{4E71DFD7-6F50-4CB6-B39A-C4ED702B2DBD}.Release|Any CPU.ActiveCfg = Release|Any CPU
		{4E71DFD7-6F50-4CB6-B39A-C4ED702B2DBD}.Release|Any CPU.Build.0 = Release|Any CPU
		{C187C4CA-428F-463A-A45F-5250F50D7E26}.Debug|Any CPU.ActiveCfg = Debug|Any CPU
		{C187C4CA-428F-463A-A45F-5250F50D7E26}.Debug|Any CPU.Build.0 = Debug|Any CPU
		{C187C4CA-428F-463A-A45F-5250F50D7E26}.Release|Any CPU.ActiveCfg = Release|Any CPU
		{C187C4CA-428F-463A-A45F-5250F50D7E26}.Release|Any CPU.Build.0 = Release|Any CPU
		{DBB4E106-C340-4351-BD76-70576C82D0C0}.Debug|Any CPU.ActiveCfg = Debug|Any CPU
		{DBB4E106-C340-4351-BD76-70576C82D0C0}.Debug|Any CPU.Build.0 = Debug|Any CPU
		{DBB4E106-C340-4351-BD76-70576C82D0C0}.Release|Any CPU.ActiveCfg = Release|Any CPU
		{DBB4E106-C340-4351-BD76-70576C82D0C0}.Release|Any CPU.Build.0 = Release|Any CPU
	EndGlobalSection
	GlobalSection(SolutionProperties) = preSolution
		HideSolutionNode = FALSE
	EndGlobalSection
EndGlobal
